
Microsoft Visual Studio Solution File, Format Version 12.00
# Visual Studio 15
VisualStudioVersion = 15.0.27703.2000
MinimumVisualStudioVersion = 10.0.40219.1
Project("{FAE04EC0-301F-11D3-BF4B-00C04F79EFBC}") = "Influx", "Influx\Influx.csproj", "{FB4AB010-09BF-4866-A3C3-B90FFC07F7F3}"
EndProject
Project("{FAE04EC0-301F-11D3-BF4B-00C04F79EFBC}") = "InfluxLibrary", "KioskLibrary\InfluxLibrary.csproj", "{9E93AD5C-A44F-4EA1-926D-2A1C9245C059}"
EndProject
Global
	GlobalSection(SolutionConfigurationPlatforms) = preSolution
		Debug|Any CPU = Debug|Any CPU
		Release|Any CPU = Release|Any CPU
	EndGlobalSection
	GlobalSection(ProjectConfigurationPlatforms) = postSolution
		{FB4AB010-09BF-4866-A3C3-B90FFC07F7F3}.Debug|Any CPU.ActiveCfg = Debug|Any CPU
		{FB4AB010-09BF-4866-A3C3-B90FFC07F7F3}.Debug|Any CPU.Build.0 = Debug|Any CPU
		{FB4AB010-09BF-4866-A3C3-B90FFC07F7F3}.Release|Any CPU.ActiveCfg = Release|Any CPU
		{FB4AB010-09BF-4866-A3C3-B90FFC07F7F3}.Release|Any CPU.Build.0 = Release|Any CPU
		{9E93AD5C-A44F-4EA1-926D-2A1C9245C059}.Debug|Any CPU.ActiveCfg = Debug|Any CPU
		{9E93AD5C-A44F-4EA1-926D-2A1C9245C059}.Debug|Any CPU.Build.0 = Debug|Any CPU
		{9E93AD5C-A44F-4EA1-926D-2A1C9245C059}.Release|Any CPU.ActiveCfg = Release|Any CPU
		{9E93AD5C-A44F-4EA1-926D-2A1C9245C059}.Release|Any CPU.Build.0 = Release|Any CPU
	EndGlobalSection
	GlobalSection(SolutionProperties) = preSolution
		HideSolutionNode = FALSE
	EndGlobalSection
	GlobalSection(ExtensibilityGlobals) = postSolution
		SolutionGuid = {67C36196-5BD0-47EE-B997-52630E9B3343}
	EndGlobalSection
EndGlobal
